
Microsoft Visual Studio Solution File, Format Version 12.00
# Visual Studio 15
VisualStudioVersion = 15.0.26124.0
MinimumVisualStudioVersion = 15.0.26124.0
Project("{FAE04EC0-301F-11D3-BF4B-00C04F79EFBC}") = "Concepts", "Source\Concepts\Concepts.csproj", "{3ABD948F-92F1-4C1E-AA68-15F553857D32}"
EndProject
Project("{FAE04EC0-301F-11D3-BF4B-00C04F79EFBC}") = "Domain", "Source\Domain\Domain.csproj", "{8C25579F-1041-440C-96B0-44869E2A7B82}"
EndProject
Project("{FAE04EC0-301F-11D3-BF4B-00C04F79EFBC}") = "Read", "Source\Read\Read.csproj", "{3BA3F62A-DD53-4EF2-8D3A-50400DF9FD99}"
EndProject
Project("{FAE04EC0-301F-11D3-BF4B-00C04F79EFBC}") = "Events", "Source\Events\Events.csproj", "{BCB881B8-91CC-48AA-92F7-CF9CE8630573}"
EndProject
Project("{FAE04EC0-301F-11D3-BF4B-00C04F79EFBC}") = "Core", "Source\Core\Core.csproj", "{58ED04A5-BDE9-4179-B60D-D6B8471BDCFB}"
EndProject
Project("{2150E333-8FDC-42A3-9474-1A3956D46DE8}") = "Specifications", "Specifications", "{31341325-5534-48A4-80AA-A2F6F5E95BE9}"
EndProject
Project("{FAE04EC0-301F-11D3-BF4B-00C04F79EFBC}") = "Infrastructure", "Specifications\Infrastructure\Infrastructure.csproj", "{5339B940-D250-4458-A5FF-42BBE80681A7}"
EndProject
Project("{2150E333-8FDC-42A3-9474-1A3956D46DE8}") = "Source", "Source", "{73EA0DCE-E218-417C-A640-A88C83D7C176}"
EndProject
Project("{FAE04EC0-301F-11D3-BF4B-00C04F79EFBC}") = "Policies", "Source\Policies\Policies.csproj", "{A93ECF21-9D85-41B3-AC9C-259B8F47929F}"
EndProject
Project("{FAE04EC0-301F-11D3-BF4B-00C04F79EFBC}") = "Concepts.Specs", "Source\Concepts.Specs\Concepts.Specs.csproj", "{60CDC175-3AD2-4428-B156-97FFEAD2FCC7}"
EndProject
Project("{FAE04EC0-301F-11D3-BF4B-00C04F79EFBC}") = "Rules", "Source\Rules\Rules.csproj", "{43D51F80-1815-4D4A-ACC2-FCA185B40026}"
EndProject
Project("{FAE04EC0-301F-11D3-BF4B-00C04F79EFBC}") = "Domain.Specs", "Source\Domain.Specs\Domain.Specs.csproj", "{F0C28E71-D277-4F17-9972-925B3A20C4E0}"
EndProject
Project("{FAE04EC0-301F-11D3-BF4B-00C04F79EFBC}") = "Core.Specs", "Source\Core.Specs\Core.Specs.csproj", "{48AF6EC5-AE75-4F52-A2BD-9FB18FA1C372}"
EndProject
Project("{FAE04EC0-301F-11D3-BF4B-00C04F79EFBC}") = "Policies.Specs", "Source\Policies.Specs\Policies.Specs.csproj", "{3968C633-995B-40AE-AC02-3599B4A1D370}"
EndProject
Global
	GlobalSection(SolutionConfigurationPlatforms) = preSolution
		Debug|Any CPU = Debug|Any CPU
		Debug|x64 = Debug|x64
		Debug|x86 = Debug|x86
		Release|Any CPU = Release|Any CPU
		Release|x64 = Release|x64
		Release|x86 = Release|x86
	EndGlobalSection
	GlobalSection(SolutionProperties) = preSolution
		HideSolutionNode = FALSE
	EndGlobalSection
	GlobalSection(ProjectConfigurationPlatforms) = postSolution
		{3ABD948F-92F1-4C1E-AA68-15F553857D32}.Debug|Any CPU.ActiveCfg = Debug|Any CPU
		{3ABD948F-92F1-4C1E-AA68-15F553857D32}.Debug|Any CPU.Build.0 = Debug|Any CPU
		{3ABD948F-92F1-4C1E-AA68-15F553857D32}.Debug|x64.ActiveCfg = Debug|Any CPU
		{3ABD948F-92F1-4C1E-AA68-15F553857D32}.Debug|x64.Build.0 = Debug|Any CPU
		{3ABD948F-92F1-4C1E-AA68-15F553857D32}.Debug|x86.ActiveCfg = Debug|Any CPU
		{3ABD948F-92F1-4C1E-AA68-15F553857D32}.Debug|x86.Build.0 = Debug|Any CPU
		{3ABD948F-92F1-4C1E-AA68-15F553857D32}.Release|Any CPU.ActiveCfg = Release|Any CPU
		{3ABD948F-92F1-4C1E-AA68-15F553857D32}.Release|Any CPU.Build.0 = Release|Any CPU
		{3ABD948F-92F1-4C1E-AA68-15F553857D32}.Release|x64.ActiveCfg = Release|Any CPU
		{3ABD948F-92F1-4C1E-AA68-15F553857D32}.Release|x64.Build.0 = Release|Any CPU
		{3ABD948F-92F1-4C1E-AA68-15F553857D32}.Release|x86.ActiveCfg = Release|Any CPU
		{3ABD948F-92F1-4C1E-AA68-15F553857D32}.Release|x86.Build.0 = Release|Any CPU
		{8C25579F-1041-440C-96B0-44869E2A7B82}.Debug|Any CPU.ActiveCfg = Debug|Any CPU
		{8C25579F-1041-440C-96B0-44869E2A7B82}.Debug|Any CPU.Build.0 = Debug|Any CPU
		{8C25579F-1041-440C-96B0-44869E2A7B82}.Debug|x64.ActiveCfg = Debug|Any CPU
		{8C25579F-1041-440C-96B0-44869E2A7B82}.Debug|x64.Build.0 = Debug|Any CPU
		{8C25579F-1041-440C-96B0-44869E2A7B82}.Debug|x86.ActiveCfg = Debug|Any CPU
		{8C25579F-1041-440C-96B0-44869E2A7B82}.Debug|x86.Build.0 = Debug|Any CPU
		{8C25579F-1041-440C-96B0-44869E2A7B82}.Release|Any CPU.ActiveCfg = Release|Any CPU
		{8C25579F-1041-440C-96B0-44869E2A7B82}.Release|Any CPU.Build.0 = Release|Any CPU
		{8C25579F-1041-440C-96B0-44869E2A7B82}.Release|x64.ActiveCfg = Release|Any CPU
		{8C25579F-1041-440C-96B0-44869E2A7B82}.Release|x64.Build.0 = Release|Any CPU
		{8C25579F-1041-440C-96B0-44869E2A7B82}.Release|x86.ActiveCfg = Release|Any CPU
		{8C25579F-1041-440C-96B0-44869E2A7B82}.Release|x86.Build.0 = Release|Any CPU
		{3BA3F62A-DD53-4EF2-8D3A-50400DF9FD99}.Debug|Any CPU.ActiveCfg = Debug|Any CPU
		{3BA3F62A-DD53-4EF2-8D3A-50400DF9FD99}.Debug|Any CPU.Build.0 = Debug|Any CPU
		{3BA3F62A-DD53-4EF2-8D3A-50400DF9FD99}.Debug|x64.ActiveCfg = Debug|Any CPU
		{3BA3F62A-DD53-4EF2-8D3A-50400DF9FD99}.Debug|x64.Build.0 = Debug|Any CPU
		{3BA3F62A-DD53-4EF2-8D3A-50400DF9FD99}.Debug|x86.ActiveCfg = Debug|Any CPU
		{3BA3F62A-DD53-4EF2-8D3A-50400DF9FD99}.Debug|x86.Build.0 = Debug|Any CPU
		{3BA3F62A-DD53-4EF2-8D3A-50400DF9FD99}.Release|Any CPU.ActiveCfg = Release|Any CPU
		{3BA3F62A-DD53-4EF2-8D3A-50400DF9FD99}.Release|Any CPU.Build.0 = Release|Any CPU
		{3BA3F62A-DD53-4EF2-8D3A-50400DF9FD99}.Release|x64.ActiveCfg = Release|Any CPU
		{3BA3F62A-DD53-4EF2-8D3A-50400DF9FD99}.Release|x64.Build.0 = Release|Any CPU
		{3BA3F62A-DD53-4EF2-8D3A-50400DF9FD99}.Release|x86.ActiveCfg = Release|Any CPU
		{3BA3F62A-DD53-4EF2-8D3A-50400DF9FD99}.Release|x86.Build.0 = Release|Any CPU
		{BCB881B8-91CC-48AA-92F7-CF9CE8630573}.Debug|Any CPU.ActiveCfg = Debug|Any CPU
		{BCB881B8-91CC-48AA-92F7-CF9CE8630573}.Debug|Any CPU.Build.0 = Debug|Any CPU
		{BCB881B8-91CC-48AA-92F7-CF9CE8630573}.Debug|x64.ActiveCfg = Debug|Any CPU
		{BCB881B8-91CC-48AA-92F7-CF9CE8630573}.Debug|x64.Build.0 = Debug|Any CPU
		{BCB881B8-91CC-48AA-92F7-CF9CE8630573}.Debug|x86.ActiveCfg = Debug|Any CPU
		{BCB881B8-91CC-48AA-92F7-CF9CE8630573}.Debug|x86.Build.0 = Debug|Any CPU
		{BCB881B8-91CC-48AA-92F7-CF9CE8630573}.Release|Any CPU.ActiveCfg = Release|Any CPU
		{BCB881B8-91CC-48AA-92F7-CF9CE8630573}.Release|Any CPU.Build.0 = Release|Any CPU
		{BCB881B8-91CC-48AA-92F7-CF9CE8630573}.Release|x64.ActiveCfg = Release|Any CPU
		{BCB881B8-91CC-48AA-92F7-CF9CE8630573}.Release|x64.Build.0 = Release|Any CPU
		{BCB881B8-91CC-48AA-92F7-CF9CE8630573}.Release|x86.ActiveCfg = Release|Any CPU
		{BCB881B8-91CC-48AA-92F7-CF9CE8630573}.Release|x86.Build.0 = Release|Any CPU
		{58ED04A5-BDE9-4179-B60D-D6B8471BDCFB}.Debug|Any CPU.ActiveCfg = Debug|Any CPU
		{58ED04A5-BDE9-4179-B60D-D6B8471BDCFB}.Debug|Any CPU.Build.0 = Debug|Any CPU
		{58ED04A5-BDE9-4179-B60D-D6B8471BDCFB}.Debug|x64.ActiveCfg = Debug|Any CPU
		{58ED04A5-BDE9-4179-B60D-D6B8471BDCFB}.Debug|x64.Build.0 = Debug|Any CPU
		{58ED04A5-BDE9-4179-B60D-D6B8471BDCFB}.Debug|x86.ActiveCfg = Debug|Any CPU
		{58ED04A5-BDE9-4179-B60D-D6B8471BDCFB}.Debug|x86.Build.0 = Debug|Any CPU
		{58ED04A5-BDE9-4179-B60D-D6B8471BDCFB}.Release|Any CPU.ActiveCfg = Release|Any CPU
		{58ED04A5-BDE9-4179-B60D-D6B8471BDCFB}.Release|Any CPU.Build.0 = Release|Any CPU
		{58ED04A5-BDE9-4179-B60D-D6B8471BDCFB}.Release|x64.ActiveCfg = Release|Any CPU
		{58ED04A5-BDE9-4179-B60D-D6B8471BDCFB}.Release|x64.Build.0 = Release|Any CPU
		{58ED04A5-BDE9-4179-B60D-D6B8471BDCFB}.Release|x86.ActiveCfg = Release|Any CPU
		{58ED04A5-BDE9-4179-B60D-D6B8471BDCFB}.Release|x86.Build.0 = Release|Any CPU
		{5339B940-D250-4458-A5FF-42BBE80681A7}.Debug|Any CPU.ActiveCfg = Debug|Any CPU
		{5339B940-D250-4458-A5FF-42BBE80681A7}.Debug|Any CPU.Build.0 = Debug|Any CPU
		{5339B940-D250-4458-A5FF-42BBE80681A7}.Debug|x64.ActiveCfg = Debug|Any CPU
		{5339B940-D250-4458-A5FF-42BBE80681A7}.Debug|x64.Build.0 = Debug|Any CPU
		{5339B940-D250-4458-A5FF-42BBE80681A7}.Debug|x86.ActiveCfg = Debug|Any CPU
		{5339B940-D250-4458-A5FF-42BBE80681A7}.Debug|x86.Build.0 = Debug|Any CPU
		{5339B940-D250-4458-A5FF-42BBE80681A7}.Release|Any CPU.ActiveCfg = Release|Any CPU
		{5339B940-D250-4458-A5FF-42BBE80681A7}.Release|Any CPU.Build.0 = Release|Any CPU
		{5339B940-D250-4458-A5FF-42BBE80681A7}.Release|x64.ActiveCfg = Release|Any CPU
		{5339B940-D250-4458-A5FF-42BBE80681A7}.Release|x64.Build.0 = Release|Any CPU
		{5339B940-D250-4458-A5FF-42BBE80681A7}.Release|x86.ActiveCfg = Release|Any CPU
		{5339B940-D250-4458-A5FF-42BBE80681A7}.Release|x86.Build.0 = Release|Any CPU
		{A93ECF21-9D85-41B3-AC9C-259B8F47929F}.Debug|Any CPU.ActiveCfg = Debug|Any CPU
		{A93ECF21-9D85-41B3-AC9C-259B8F47929F}.Debug|Any CPU.Build.0 = Debug|Any CPU
		{A93ECF21-9D85-41B3-AC9C-259B8F47929F}.Debug|x64.ActiveCfg = Debug|Any CPU
		{A93ECF21-9D85-41B3-AC9C-259B8F47929F}.Debug|x64.Build.0 = Debug|Any CPU
		{A93ECF21-9D85-41B3-AC9C-259B8F47929F}.Debug|x86.ActiveCfg = Debug|Any CPU
		{A93ECF21-9D85-41B3-AC9C-259B8F47929F}.Debug|x86.Build.0 = Debug|Any CPU
		{A93ECF21-9D85-41B3-AC9C-259B8F47929F}.Release|Any CPU.ActiveCfg = Release|Any CPU
		{A93ECF21-9D85-41B3-AC9C-259B8F47929F}.Release|Any CPU.Build.0 = Release|Any CPU
		{A93ECF21-9D85-41B3-AC9C-259B8F47929F}.Release|x64.ActiveCfg = Release|Any CPU
		{A93ECF21-9D85-41B3-AC9C-259B8F47929F}.Release|x64.Build.0 = Release|Any CPU
		{A93ECF21-9D85-41B3-AC9C-259B8F47929F}.Release|x86.ActiveCfg = Release|Any CPU
		{A93ECF21-9D85-41B3-AC9C-259B8F47929F}.Release|x86.Build.0 = Release|Any CPU
		{60CDC175-3AD2-4428-B156-97FFEAD2FCC7}.Debug|Any CPU.ActiveCfg = Debug|Any CPU
		{60CDC175-3AD2-4428-B156-97FFEAD2FCC7}.Debug|Any CPU.Build.0 = Debug|Any CPU
		{60CDC175-3AD2-4428-B156-97FFEAD2FCC7}.Debug|x64.ActiveCfg = Debug|Any CPU
		{60CDC175-3AD2-4428-B156-97FFEAD2FCC7}.Debug|x64.Build.0 = Debug|Any CPU
		{60CDC175-3AD2-4428-B156-97FFEAD2FCC7}.Debug|x86.ActiveCfg = Debug|Any CPU
		{60CDC175-3AD2-4428-B156-97FFEAD2FCC7}.Debug|x86.Build.0 = Debug|Any CPU
		{60CDC175-3AD2-4428-B156-97FFEAD2FCC7}.Release|Any CPU.ActiveCfg = Release|Any CPU
		{60CDC175-3AD2-4428-B156-97FFEAD2FCC7}.Release|Any CPU.Build.0 = Release|Any CPU
		{60CDC175-3AD2-4428-B156-97FFEAD2FCC7}.Release|x64.ActiveCfg = Release|Any CPU
		{60CDC175-3AD2-4428-B156-97FFEAD2FCC7}.Release|x64.Build.0 = Release|Any CPU
		{60CDC175-3AD2-4428-B156-97FFEAD2FCC7}.Release|x86.ActiveCfg = Release|Any CPU
		{60CDC175-3AD2-4428-B156-97FFEAD2FCC7}.Release|x86.Build.0 = Release|Any CPU
		{43D51F80-1815-4D4A-ACC2-FCA185B40026}.Debug|Any CPU.ActiveCfg = Debug|Any CPU
		{43D51F80-1815-4D4A-ACC2-FCA185B40026}.Debug|Any CPU.Build.0 = Debug|Any CPU
		{43D51F80-1815-4D4A-ACC2-FCA185B40026}.Debug|x64.ActiveCfg = Debug|Any CPU
		{43D51F80-1815-4D4A-ACC2-FCA185B40026}.Debug|x64.Build.0 = Debug|Any CPU
		{43D51F80-1815-4D4A-ACC2-FCA185B40026}.Debug|x86.ActiveCfg = Debug|Any CPU
		{43D51F80-1815-4D4A-ACC2-FCA185B40026}.Debug|x86.Build.0 = Debug|Any CPU
		{43D51F80-1815-4D4A-ACC2-FCA185B40026}.Release|Any CPU.ActiveCfg = Release|Any CPU
		{43D51F80-1815-4D4A-ACC2-FCA185B40026}.Release|Any CPU.Build.0 = Release|Any CPU
		{43D51F80-1815-4D4A-ACC2-FCA185B40026}.Release|x64.ActiveCfg = Release|Any CPU
		{43D51F80-1815-4D4A-ACC2-FCA185B40026}.Release|x64.Build.0 = Release|Any CPU
		{43D51F80-1815-4D4A-ACC2-FCA185B40026}.Release|x86.ActiveCfg = Release|Any CPU
		{43D51F80-1815-4D4A-ACC2-FCA185B40026}.Release|x86.Build.0 = Release|Any CPU
		{F0C28E71-D277-4F17-9972-925B3A20C4E0}.Debug|Any CPU.ActiveCfg = Debug|Any CPU
		{F0C28E71-D277-4F17-9972-925B3A20C4E0}.Debug|Any CPU.Build.0 = Debug|Any CPU
		{F0C28E71-D277-4F17-9972-925B3A20C4E0}.Debug|x64.ActiveCfg = Debug|Any CPU
		{F0C28E71-D277-4F17-9972-925B3A20C4E0}.Debug|x64.Build.0 = Debug|Any CPU
		{F0C28E71-D277-4F17-9972-925B3A20C4E0}.Debug|x86.ActiveCfg = Debug|Any CPU
		{F0C28E71-D277-4F17-9972-925B3A20C4E0}.Debug|x86.Build.0 = Debug|Any CPU
		{F0C28E71-D277-4F17-9972-925B3A20C4E0}.Release|Any CPU.ActiveCfg = Release|Any CPU
		{F0C28E71-D277-4F17-9972-925B3A20C4E0}.Release|Any CPU.Build.0 = Release|Any CPU
		{F0C28E71-D277-4F17-9972-925B3A20C4E0}.Release|x64.ActiveCfg = Release|Any CPU
		{F0C28E71-D277-4F17-9972-925B3A20C4E0}.Release|x64.Build.0 = Release|Any CPU
		{F0C28E71-D277-4F17-9972-925B3A20C4E0}.Release|x86.ActiveCfg = Release|Any CPU
		{F0C28E71-D277-4F17-9972-925B3A20C4E0}.Release|x86.Build.0 = Release|Any CPU
		{48AF6EC5-AE75-4F52-A2BD-9FB18FA1C372}.Debug|Any CPU.ActiveCfg = Debug|Any CPU
		{48AF6EC5-AE75-4F52-A2BD-9FB18FA1C372}.Debug|Any CPU.Build.0 = Debug|Any CPU
		{48AF6EC5-AE75-4F52-A2BD-9FB18FA1C372}.Debug|x64.ActiveCfg = Debug|Any CPU
		{48AF6EC5-AE75-4F52-A2BD-9FB18FA1C372}.Debug|x64.Build.0 = Debug|Any CPU
		{48AF6EC5-AE75-4F52-A2BD-9FB18FA1C372}.Debug|x86.ActiveCfg = Debug|Any CPU
		{48AF6EC5-AE75-4F52-A2BD-9FB18FA1C372}.Debug|x86.Build.0 = Debug|Any CPU
		{48AF6EC5-AE75-4F52-A2BD-9FB18FA1C372}.Release|Any CPU.ActiveCfg = Release|Any CPU
		{48AF6EC5-AE75-4F52-A2BD-9FB18FA1C372}.Release|Any CPU.Build.0 = Release|Any CPU
		{48AF6EC5-AE75-4F52-A2BD-9FB18FA1C372}.Release|x64.ActiveCfg = Release|Any CPU
		{48AF6EC5-AE75-4F52-A2BD-9FB18FA1C372}.Release|x64.Build.0 = Release|Any CPU
		{48AF6EC5-AE75-4F52-A2BD-9FB18FA1C372}.Release|x86.ActiveCfg = Release|Any CPU
		{48AF6EC5-AE75-4F52-A2BD-9FB18FA1C372}.Release|x86.Build.0 = Release|Any CPU
		{3968C633-995B-40AE-AC02-3599B4A1D370}.Debug|Any CPU.ActiveCfg = Debug|Any CPU
		{3968C633-995B-40AE-AC02-3599B4A1D370}.Debug|Any CPU.Build.0 = Debug|Any CPU
		{3968C633-995B-40AE-AC02-3599B4A1D370}.Debug|x64.ActiveCfg = Debug|Any CPU
		{3968C633-995B-40AE-AC02-3599B4A1D370}.Debug|x64.Build.0 = Debug|Any CPU
		{3968C633-995B-40AE-AC02-3599B4A1D370}.Debug|x86.ActiveCfg = Debug|Any CPU
		{3968C633-995B-40AE-AC02-3599B4A1D370}.Debug|x86.Build.0 = Debug|Any CPU
		{3968C633-995B-40AE-AC02-3599B4A1D370}.Release|Any CPU.ActiveCfg = Release|Any CPU
		{3968C633-995B-40AE-AC02-3599B4A1D370}.Release|Any CPU.Build.0 = Release|Any CPU
		{3968C633-995B-40AE-AC02-3599B4A1D370}.Release|x64.ActiveCfg = Release|Any CPU
		{3968C633-995B-40AE-AC02-3599B4A1D370}.Release|x64.Build.0 = Release|Any CPU
		{3968C633-995B-40AE-AC02-3599B4A1D370}.Release|x86.ActiveCfg = Release|Any CPU
		{3968C633-995B-40AE-AC02-3599B4A1D370}.Release|x86.Build.0 = Release|Any CPU
	EndGlobalSection
	GlobalSection(NestedProjects) = preSolution
		{5339B940-D250-4458-A5FF-42BBE80681A7} = {31341325-5534-48A4-80AA-A2F6F5E95BE9}
		{A93ECF21-9D85-41B3-AC9C-259B8F47929F} = {73EA0DCE-E218-417C-A640-A88C83D7C176}
		{60CDC175-3AD2-4428-B156-97FFEAD2FCC7} = {73EA0DCE-E218-417C-A640-A88C83D7C176}
		{43D51F80-1815-4D4A-ACC2-FCA185B40026} = {73EA0DCE-E218-417C-A640-A88C83D7C176}
		{F0C28E71-D277-4F17-9972-925B3A20C4E0} = {73EA0DCE-E218-417C-A640-A88C83D7C176}
		{48AF6EC5-AE75-4F52-A2BD-9FB18FA1C372} = {73EA0DCE-E218-417C-A640-A88C83D7C176}
		{3968C633-995B-40AE-AC02-3599B4A1D370} = {73EA0DCE-E218-417C-A640-A88C83D7C176}
	EndGlobalSection
EndGlobal
